
Microsoft Visual Studio Solution File, Format Version 12.00
# Visual Studio Version 16
VisualStudioVersion = 16.0.29409.12
MinimumVisualStudioVersion = 10.0.40219.1
Project("{FAE04EC0-301F-11D3-BF4B-00C04F79EFBC}") = "RazorMinifier.VSIX", "RazorMinifier\RazorMinifier.VSIX.csproj", "{88C76E6C-5287-4228-9E9B-1EE5C70E8417}"
EndProject
Project("{9A19103F-16F7-4668-BE54-9A1E7A4F7556}") = "RazorMinifier.Core", "RazorMinifier.Core\RazorMinifier.Core.csproj", "{86C2282D-2916-4D11-8590-E4814400AA6D}"
EndProject
Global
	GlobalSection(SolutionConfigurationPlatforms) = preSolution
		Debug|Any CPU = Debug|Any CPU
		Release|Any CPU = Release|Any CPU
	EndGlobalSection
	GlobalSection(ProjectConfigurationPlatforms) = postSolution
		{88C76E6C-5287-4228-9E9B-1EE5C70E8417}.Debug|Any CPU.ActiveCfg = Debug|Any CPU
		{88C76E6C-5287-4228-9E9B-1EE5C70E8417}.Debug|Any CPU.Build.0 = Debug|Any CPU
		{88C76E6C-5287-4228-9E9B-1EE5C70E8417}.Release|Any CPU.ActiveCfg = Release|Any CPU
		{88C76E6C-5287-4228-9E9B-1EE5C70E8417}.Release|Any CPU.Build.0 = Release|Any CPU
		{86C2282D-2916-4D11-8590-E4814400AA6D}.Debug|Any CPU.ActiveCfg = Debug|Any CPU
		{86C2282D-2916-4D11-8590-E4814400AA6D}.Debug|Any CPU.Build.0 = Debug|Any CPU
		{86C2282D-2916-4D11-8590-E4814400AA6D}.Release|Any CPU.ActiveCfg = Release|Any CPU
		{86C2282D-2916-4D11-8590-E4814400AA6D}.Release|Any CPU.Build.0 = Release|Any CPU
	EndGlobalSection
	GlobalSection(SolutionProperties) = preSolution
		HideSolutionNode = FALSE
	EndGlobalSection
	GlobalSection(ExtensibilityGlobals) = postSolution
		SolutionGuid = {80AB0ED2-5E38-4416-BF82-E4189A1771A1}
	EndGlobalSection
EndGlobal
